
Microsoft Visual Studio Solution File, Format Version 12.00
# Visual Studio 15
VisualStudioVersion = 15.0.28307.757
MinimumVisualStudioVersion = 10.0.40219.1
Project("{FAE04EC0-301F-11D3-BF4B-00C04F79EFBC}") = "PollutionSensor.v2", "PollutionSensor.v2\PollutionSensor.v2.csproj", "{927B676E-0FB4-4ED1-8E99-8420015D16AA}"
EndProject
Global
	GlobalSection(SolutionConfigurationPlatforms) = preSolution
		Debug|Any CPU = Debug|Any CPU
		Release|Any CPU = Release|Any CPU
	EndGlobalSection
	GlobalSection(ProjectConfigurationPlatforms) = postSolution
		{927B676E-0FB4-4ED1-8E99-8420015D16AA}.Debug|Any CPU.ActiveCfg = Debug|Any CPU
		{927B676E-0FB4-4ED1-8E99-8420015D16AA}.Debug|Any CPU.Build.0 = Debug|Any CPU
		{927B676E-0FB4-4ED1-8E99-8420015D16AA}.Release|Any CPU.ActiveCfg = Release|Any CPU
		{927B676E-0FB4-4ED1-8E99-8420015D16AA}.Release|Any CPU.Build.0 = Release|Any CPU
	EndGlobalSection
	GlobalSection(SolutionProperties) = preSolution
		HideSolutionNode = FALSE
	EndGlobalSection
	GlobalSection(ExtensibilityGlobals) = postSolution
		SolutionGuid = {102B1F86-7781-4B81-B237-EEFF082FE857}
	EndGlobalSection
EndGlobal
